
Microsoft Visual Studio Solution File, Format Version 12.00
# Visual Studio Version 17
VisualStudioVersion = 17.4.33103.184
MinimumVisualStudioVersion = 10.0.40219.1
Project("{FAE04EC0-301F-11D3-BF4B-00C04F79EFBC}") = "Bny.UnitTests", "Bny.UnitTests\Bny.UnitTests.csproj", "{713A9852-FB31-443A-BFBA-F3E2BF8B4EDF}"
EndProject
Project("{FAE04EC0-301F-11D3-BF4B-00C04F79EFBC}") = "Bny.UnitTests.Tester", "Bny.UnitTests.Tester\Bny.UnitTests.Tester.csproj", "{43D0429B-6AF8-417B-8E89-AA0468658C22}"
EndProject
Global
	GlobalSection(SolutionConfigurationPlatforms) = preSolution
		Debug|Any CPU = Debug|Any CPU
		Release|Any CPU = Release|Any CPU
	EndGlobalSection
	GlobalSection(ProjectConfigurationPlatforms) = postSolution
		{713A9852-FB31-443A-BFBA-F3E2BF8B4EDF}.Debug|Any CPU.ActiveCfg = Debug|Any CPU
		{713A9852-FB31-443A-BFBA-F3E2BF8B4EDF}.Debug|Any CPU.Build.0 = Debug|Any CPU
		{713A9852-FB31-443A-BFBA-F3E2BF8B4EDF}.Release|Any CPU.ActiveCfg = Release|Any CPU
		{713A9852-FB31-443A-BFBA-F3E2BF8B4EDF}.Release|Any CPU.Build.0 = Release|Any CPU
		{43D0429B-6AF8-417B-8E89-AA0468658C22}.Debug|Any CPU.ActiveCfg = Debug|Any CPU
		{43D0429B-6AF8-417B-8E89-AA0468658C22}.Debug|Any CPU.Build.0 = Debug|Any CPU
		{43D0429B-6AF8-417B-8E89-AA0468658C22}.Release|Any CPU.ActiveCfg = Release|Any CPU
		{43D0429B-6AF8-417B-8E89-AA0468658C22}.Release|Any CPU.Build.0 = Release|Any CPU
	EndGlobalSection
	GlobalSection(SolutionProperties) = preSolution
		HideSolutionNode = FALSE
	EndGlobalSection
	GlobalSection(ExtensibilityGlobals) = postSolution
		SolutionGuid = {0077163F-8771-423D-93EE-505E294A0B5D}
	EndGlobalSection
EndGlobal
